
Microsoft Visual Studio Solution File, Format Version 12.00
# Visual Studio Version 17
VisualStudioVersion = 17.7.34031.279
MinimumVisualStudioVersion = 10.0.40219.1
Project("{FAE04EC0-301F-11D3-BF4B-00C04F79EFBC}") = "TaskListAPI", "TaskListAPI\TaskListAPI.csproj", "{1D862088-859B-4A25-8FCB-0E031725736A}"
EndProject
Project("{FAE04EC0-301F-11D3-BF4B-00C04F79EFBC}") = "BD", "BD\BD.csproj", "{3068AF2A-9DF3-4B85-A42D-C098145A67B6}"
EndProject
Global
	GlobalSection(SolutionConfigurationPlatforms) = preSolution
		Debug|Any CPU = Debug|Any CPU
		Release|Any CPU = Release|Any CPU
	EndGlobalSection
	GlobalSection(ProjectConfigurationPlatforms) = postSolution
		{1D862088-859B-4A25-8FCB-0E031725736A}.Debug|Any CPU.ActiveCfg = Debug|Any CPU
		{1D862088-859B-4A25-8FCB-0E031725736A}.Debug|Any CPU.Build.0 = Debug|Any CPU
		{1D862088-859B-4A25-8FCB-0E031725736A}.Release|Any CPU.ActiveCfg = Release|Any CPU
		{1D862088-859B-4A25-8FCB-0E031725736A}.Release|Any CPU.Build.0 = Release|Any CPU
		{3068AF2A-9DF3-4B85-A42D-C098145A67B6}.Debug|Any CPU.ActiveCfg = Debug|Any CPU
		{3068AF2A-9DF3-4B85-A42D-C098145A67B6}.Debug|Any CPU.Build.0 = Debug|Any CPU
		{3068AF2A-9DF3-4B85-A42D-C098145A67B6}.Release|Any CPU.ActiveCfg = Release|Any CPU
		{3068AF2A-9DF3-4B85-A42D-C098145A67B6}.Release|Any CPU.Build.0 = Release|Any CPU
	EndGlobalSection
	GlobalSection(SolutionProperties) = preSolution
		HideSolutionNode = FALSE
	EndGlobalSection
	GlobalSection(ExtensibilityGlobals) = postSolution
		SolutionGuid = {04B1BB46-1654-4E6A-A3F9-21DE78A6F1DE}
	EndGlobalSection
EndGlobal
